
Microsoft Visual Studio Solution File, Format Version 12.00
# Visual Studio Version 16
VisualStudioVersion = 16.0.32510.428
MinimumVisualStudioVersion = 10.0.40219.1
Project("{9A19103F-16F7-4668-BE54-9A1E7A4F7556}") = "Calculator Console", "Calculator Console.csproj", "{EB611E9F-A2F3-453E-A8D3-16B63B2201E6}"
EndProject
Global
	GlobalSection(SolutionConfigurationPlatforms) = preSolution
		Debug|Any CPU = Debug|Any CPU
		Release|Any CPU = Release|Any CPU
	EndGlobalSection
	GlobalSection(ProjectConfigurationPlatforms) = postSolution
		{EB611E9F-A2F3-453E-A8D3-16B63B2201E6}.Debug|Any CPU.ActiveCfg = Debug|Any CPU
		{EB611E9F-A2F3-453E-A8D3-16B63B2201E6}.Debug|Any CPU.Build.0 = Debug|Any CPU
		{EB611E9F-A2F3-453E-A8D3-16B63B2201E6}.Release|Any CPU.ActiveCfg = Release|Any CPU
		{EB611E9F-A2F3-453E-A8D3-16B63B2201E6}.Release|Any CPU.Build.0 = Release|Any CPU
	EndGlobalSection
	GlobalSection(SolutionProperties) = preSolution
		HideSolutionNode = FALSE
	EndGlobalSection
	GlobalSection(ExtensibilityGlobals) = postSolution
		SolutionGuid = {6D34A247-E92A-4A47-8D52-9D82192A5B68}
	EndGlobalSection
EndGlobal
